
Microsoft Visual Studio Solution File, Format Version 12.00
# Visual Studio Version 17
VisualStudioVersion = 17.11.35222.181
MinimumVisualStudioVersion = 10.0.40219.1
Project("{2150E333-8FDC-42A3-9474-1A3956D46DE8}") = "SAVER_LIB", "SAVER_LIB", "{4196093D-BC1E-41DA-8D48-F8AF45B78446}"
EndProject
Project("{2150E333-8FDC-42A3-9474-1A3956D46DE8}") = "BaseLib_KRX", "BaseLib_KRX", "{3C29B563-8E13-497B-B03B-70DF4F438F5F}"
EndProject
Project("{2150E333-8FDC-42A3-9474-1A3956D46DE8}") = "CoreLib_Krx", "CoreLib_Krx", "{1C3EC19D-2C66-4370-A6A1-2E8484102204}"
EndProject
Project("{9A19103F-16F7-4668-BE54-9A1E7A4F7556}") = "MDDSCore", "MDDSCore\MDDSCore.csproj", "{509383E8-C2A1-46E5-9EE5-DF78DBEEC054}"
EndProject
Project("{9A19103F-16F7-4668-BE54-9A1E7A4F7556}") = "MonitorCore", "MonitorCore\MonitorCore.csproj", "{3C6D320F-533F-41D2-A10A-3CA8CD3F86D1}"
EndProject
Project("{9A19103F-16F7-4668-BE54-9A1E7A4F7556}") = "StockCore", "StockCore\StockCore.csproj", "{EA4C39DF-7371-4755-8C9D-8ADC9CF9F568}"
EndProject
Project("{9A19103F-16F7-4668-BE54-9A1E7A4F7556}") = "SystemCore", "SystemCore\SystemCore.csproj", "{BA42E34B-A493-49CE-BC14-C51475E64730}"
EndProject
Project("{9A19103F-16F7-4668-BE54-9A1E7A4F7556}") = "BaseBrokerLib", "BaseBrokerLib\BaseBrokerLib.csproj", "{6D1383F0-157C-44F8-9E32-EB6DA91AB95C}"
EndProject
Project("{9A19103F-16F7-4668-BE54-9A1E7A4F7556}") = "BaseOracleLib", "BaseOracleLib\BaseOracleLib.csproj", "{C35E934F-6A0A-46FB-A77B-42BB68D44AAD}"
EndProject
Project("{9A19103F-16F7-4668-BE54-9A1E7A4F7556}") = "BaseSqlServerLib", "BaseSqlServerLib\BaseSqlServerLib.csproj", "{1791C90A-EC07-4463-8E14-35BBB7D90916}"
EndProject
Project("{9A19103F-16F7-4668-BE54-9A1E7A4F7556}") = "CommonLib", "CommonLib\CommonLib.csproj", "{2FF46F15-F8ED-43AB-B32E-9539C8F02DBC}"
EndProject
Project("{9A19103F-16F7-4668-BE54-9A1E7A4F7556}") = "PriceLib", "PriceLib\PriceLib.csproj", "{DD9526E5-6712-43FE-BAA7-26D23F17732C}"
EndProject
Project("{9A19103F-16F7-4668-BE54-9A1E7A4F7556}") = "SAVER_HSX_KRX_LIB_ORACLE", "SAVER_HSX_KRX_LIB_ORACLE\SAVER_HSX_KRX_LIB_ORACLE.csproj", "{B05687A9-DF60-40BA-8A08-4914AF2823B5}"
EndProject
Project("{9A19103F-16F7-4668-BE54-9A1E7A4F7556}") = "SAVER_HSX_KRX_ORACLE", "SAVER_HSX_KRX_ORACLE\SAVER_HSX_KRX_ORACLE.csproj", "{6B666E33-F077-4096-8C76-8B8B8BBEBAD1}"
EndProject
Project("{9A19103F-16F7-4668-BE54-9A1E7A4F7556}") = "SAVER_HNX_KRX_LIB_ORACLE", "SAVER_HNX_KRX_LIB_ORACLE\SAVER_HNX_KRX_LIB_ORACLE.csproj", "{9D8BCE2D-9CA0-4715-9FF3-D7912CBBCCE2}"
EndProject
Project("{9A19103F-16F7-4668-BE54-9A1E7A4F7556}") = "SAVER_HNX_KRX_ORACLE", "SAVER_HNX_KRX_ORACLE\SAVER_HNX_KRX_ORACLE.csproj", "{D157CFB3-B8A5-44F6-95BE-8A9D39FF38E9}"
EndProject
Project("{9A19103F-16F7-4668-BE54-9A1E7A4F7556}") = "SAVER_HSX_KRX_LIB_REDIS", "SAVER_HSX_KRX_LIB_REDIS\SAVER_HSX_KRX_LIB_REDIS.csproj", "{84CFD9F9-BEED-43C2-A3B8-CC67A503D02E}"
EndProject
Project("{9A19103F-16F7-4668-BE54-9A1E7A4F7556}") = "SAVER_HSX_KRX_REDIS", "SAVER_HSX_KRX_REDIS\SAVER_HSX_KRX_REDIS.csproj", "{E5FE49D4-5B71-4C66-9899-FA7457945FA6}"
EndProject
Project("{9A19103F-16F7-4668-BE54-9A1E7A4F7556}") = "SAVER_HNX_KRX_LIB_REDIS", "SAVER_HNX_KRX_LIB_REDIS\SAVER_HNX_KRX_LIB_REDIS.csproj", "{221E21DD-4569-4417-BAC0-B7776154B2AA}"
EndProject
Project("{9A19103F-16F7-4668-BE54-9A1E7A4F7556}") = "SAVER_HNX_KRX_REDIS", "SAVER_HNX_KRX_REDIS\SAVER_HNX_KRX_REDIS.csproj", "{462BAB9E-E4B0-4E7C-B989-4FC5F1EBCD7D}"
EndProject
Project("{9A19103F-16F7-4668-BE54-9A1E7A4F7556}") = "SAVER_HSX_KRX_LIB_SQL", "SAVER_HSX_KRX_LIB_SQL\SAVER_HSX_KRX_LIB_SQL.csproj", "{3D7B332F-9EF1-421A-B2D8-083C14DF7E98}"
EndProject
Project("{9A19103F-16F7-4668-BE54-9A1E7A4F7556}") = "SAVER_HSX_KRX_SQL", "SAVER_HSX_KRX_SQL\SAVER_HSX_KRX_SQL.csproj", "{B9A0A62C-F48D-422C-A8B9-DE037F578E59}"
EndProject
Project("{9A19103F-16F7-4668-BE54-9A1E7A4F7556}") = "SAVER_HNX_KRX_LIB_SQL", "SAVER_HNX_KRX_LIB_SQL\SAVER_HNX_KRX_LIB_SQL.csproj", "{5CD9F16E-A682-4839-A442-F9D34148CAF4}"
EndProject
Project("{9A19103F-16F7-4668-BE54-9A1E7A4F7556}") = "SAVER_HNX_KRX_SQL", "SAVER_HNX_KRX_SQL\SAVER_HNX_KRX_SQL.csproj", "{374BC373-8BDC-4755-8347-283888C46F38}"
EndProject
Global
	GlobalSection(SolutionConfigurationPlatforms) = preSolution
		Debug|Any CPU = Debug|Any CPU
		Release|Any CPU = Release|Any CPU
	EndGlobalSection
	GlobalSection(ProjectConfigurationPlatforms) = postSolution
		{509383E8-C2A1-46E5-9EE5-DF78DBEEC054}.Debug|Any CPU.ActiveCfg = Debug|Any CPU
		{509383E8-C2A1-46E5-9EE5-DF78DBEEC054}.Debug|Any CPU.Build.0 = Debug|Any CPU
		{509383E8-C2A1-46E5-9EE5-DF78DBEEC054}.Release|Any CPU.ActiveCfg = Release|Any CPU
		{509383E8-C2A1-46E5-9EE5-DF78DBEEC054}.Release|Any CPU.Build.0 = Release|Any CPU
		{3C6D320F-533F-41D2-A10A-3CA8CD3F86D1}.Debug|Any CPU.ActiveCfg = Debug|Any CPU
		{3C6D320F-533F-41D2-A10A-3CA8CD3F86D1}.Debug|Any CPU.Build.0 = Debug|Any CPU
		{3C6D320F-533F-41D2-A10A-3CA8CD3F86D1}.Release|Any CPU.ActiveCfg = Release|Any CPU
		{3C6D320F-533F-41D2-A10A-3CA8CD3F86D1}.Release|Any CPU.Build.0 = Release|Any CPU
		{EA4C39DF-7371-4755-8C9D-8ADC9CF9F568}.Debug|Any CPU.ActiveCfg = Debug|Any CPU
		{EA4C39DF-7371-4755-8C9D-8ADC9CF9F568}.Debug|Any CPU.Build.0 = Debug|Any CPU
		{EA4C39DF-7371-4755-8C9D-8ADC9CF9F568}.Release|Any CPU.ActiveCfg = Release|Any CPU
		{EA4C39DF-7371-4755-8C9D-8ADC9CF9F568}.Release|Any CPU.Build.0 = Release|Any CPU
		{BA42E34B-A493-49CE-BC14-C51475E64730}.Debug|Any CPU.ActiveCfg = Debug|Any CPU
		{BA42E34B-A493-49CE-BC14-C51475E64730}.Debug|Any CPU.Build.0 = Debug|Any CPU
		{BA42E34B-A493-49CE-BC14-C51475E64730}.Release|Any CPU.ActiveCfg = Release|Any CPU
		{BA42E34B-A493-49CE-BC14-C51475E64730}.Release|Any CPU.Build.0 = Release|Any CPU
		{6D1383F0-157C-44F8-9E32-EB6DA91AB95C}.Debug|Any CPU.ActiveCfg = Debug|Any CPU
		{6D1383F0-157C-44F8-9E32-EB6DA91AB95C}.Debug|Any CPU.Build.0 = Debug|Any CPU
		{6D1383F0-157C-44F8-9E32-EB6DA91AB95C}.Release|Any CPU.ActiveCfg = Release|Any CPU
		{6D1383F0-157C-44F8-9E32-EB6DA91AB95C}.Release|Any CPU.Build.0 = Release|Any CPU
		{C35E934F-6A0A-46FB-A77B-42BB68D44AAD}.Debug|Any CPU.ActiveCfg = Debug|Any CPU
		{C35E934F-6A0A-46FB-A77B-42BB68D44AAD}.Debug|Any CPU.Build.0 = Debug|Any CPU
		{C35E934F-6A0A-46FB-A77B-42BB68D44AAD}.Release|Any CPU.ActiveCfg = Release|Any CPU
		{C35E934F-6A0A-46FB-A77B-42BB68D44AAD}.Release|Any CPU.Build.0 = Release|Any CPU
		{1791C90A-EC07-4463-8E14-35BBB7D90916}.Debug|Any CPU.ActiveCfg = Debug|Any CPU
		{1791C90A-EC07-4463-8E14-35BBB7D90916}.Debug|Any CPU.Build.0 = Debug|Any CPU
		{1791C90A-EC07-4463-8E14-35BBB7D90916}.Release|Any CPU.ActiveCfg = Release|Any CPU
		{1791C90A-EC07-4463-8E14-35BBB7D90916}.Release|Any CPU.Build.0 = Release|Any CPU
		{2FF46F15-F8ED-43AB-B32E-9539C8F02DBC}.Debug|Any CPU.ActiveCfg = Debug|Any CPU
		{2FF46F15-F8ED-43AB-B32E-9539C8F02DBC}.Debug|Any CPU.Build.0 = Debug|Any CPU
		{2FF46F15-F8ED-43AB-B32E-9539C8F02DBC}.Release|Any CPU.ActiveCfg = Release|Any CPU
		{2FF46F15-F8ED-43AB-B32E-9539C8F02DBC}.Release|Any CPU.Build.0 = Release|Any CPU
		{DD9526E5-6712-43FE-BAA7-26D23F17732C}.Debug|Any CPU.ActiveCfg = Debug|Any CPU
		{DD9526E5-6712-43FE-BAA7-26D23F17732C}.Debug|Any CPU.Build.0 = Debug|Any CPU
		{DD9526E5-6712-43FE-BAA7-26D23F17732C}.Release|Any CPU.ActiveCfg = Release|Any CPU
		{DD9526E5-6712-43FE-BAA7-26D23F17732C}.Release|Any CPU.Build.0 = Release|Any CPU
		{B05687A9-DF60-40BA-8A08-4914AF2823B5}.Debug|Any CPU.ActiveCfg = Debug|Any CPU
		{B05687A9-DF60-40BA-8A08-4914AF2823B5}.Debug|Any CPU.Build.0 = Debug|Any CPU
		{B05687A9-DF60-40BA-8A08-4914AF2823B5}.Release|Any CPU.ActiveCfg = Release|Any CPU
		{B05687A9-DF60-40BA-8A08-4914AF2823B5}.Release|Any CPU.Build.0 = Release|Any CPU
		{6B666E33-F077-4096-8C76-8B8B8BBEBAD1}.Debug|Any CPU.ActiveCfg = Debug|Any CPU
		{6B666E33-F077-4096-8C76-8B8B8BBEBAD1}.Debug|Any CPU.Build.0 = Debug|Any CPU
		{6B666E33-F077-4096-8C76-8B8B8BBEBAD1}.Release|Any CPU.ActiveCfg = Release|Any CPU
		{6B666E33-F077-4096-8C76-8B8B8BBEBAD1}.Release|Any CPU.Build.0 = Release|Any CPU
		{9D8BCE2D-9CA0-4715-9FF3-D7912CBBCCE2}.Debug|Any CPU.ActiveCfg = Debug|Any CPU
		{9D8BCE2D-9CA0-4715-9FF3-D7912CBBCCE2}.Debug|Any CPU.Build.0 = Debug|Any CPU
		{9D8BCE2D-9CA0-4715-9FF3-D7912CBBCCE2}.Release|Any CPU.ActiveCfg = Release|Any CPU
		{9D8BCE2D-9CA0-4715-9FF3-D7912CBBCCE2}.Release|Any CPU.Build.0 = Release|Any CPU
		{D157CFB3-B8A5-44F6-95BE-8A9D39FF38E9}.Debug|Any CPU.ActiveCfg = Debug|Any CPU
		{D157CFB3-B8A5-44F6-95BE-8A9D39FF38E9}.Debug|Any CPU.Build.0 = Debug|Any CPU
		{D157CFB3-B8A5-44F6-95BE-8A9D39FF38E9}.Release|Any CPU.ActiveCfg = Release|Any CPU
		{D157CFB3-B8A5-44F6-95BE-8A9D39FF38E9}.Release|Any CPU.Build.0 = Release|Any CPU
		{84CFD9F9-BEED-43C2-A3B8-CC67A503D02E}.Debug|Any CPU.ActiveCfg = Debug|Any CPU
		{84CFD9F9-BEED-43C2-A3B8-CC67A503D02E}.Debug|Any CPU.Build.0 = Debug|Any CPU
		{84CFD9F9-BEED-43C2-A3B8-CC67A503D02E}.Release|Any CPU.ActiveCfg = Release|Any CPU
		{84CFD9F9-BEED-43C2-A3B8-CC67A503D02E}.Release|Any CPU.Build.0 = Release|Any CPU
		{E5FE49D4-5B71-4C66-9899-FA7457945FA6}.Debug|Any CPU.ActiveCfg = Debug|Any CPU
		{E5FE49D4-5B71-4C66-9899-FA7457945FA6}.Debug|Any CPU.Build.0 = Debug|Any CPU
		{E5FE49D4-5B71-4C66-9899-FA7457945FA6}.Release|Any CPU.ActiveCfg = Release|Any CPU
		{E5FE49D4-5B71-4C66-9899-FA7457945FA6}.Release|Any CPU.Build.0 = Release|Any CPU
		{221E21DD-4569-4417-BAC0-B7776154B2AA}.Debug|Any CPU.ActiveCfg = Debug|Any CPU
		{221E21DD-4569-4417-BAC0-B7776154B2AA}.Debug|Any CPU.Build.0 = Debug|Any CPU
		{221E21DD-4569-4417-BAC0-B7776154B2AA}.Release|Any CPU.ActiveCfg = Release|Any CPU
		{221E21DD-4569-4417-BAC0-B7776154B2AA}.Release|Any CPU.Build.0 = Release|Any CPU
		{462BAB9E-E4B0-4E7C-B989-4FC5F1EBCD7D}.Debug|Any CPU.ActiveCfg = Debug|Any CPU
		{462BAB9E-E4B0-4E7C-B989-4FC5F1EBCD7D}.Debug|Any CPU.Build.0 = Debug|Any CPU
		{462BAB9E-E4B0-4E7C-B989-4FC5F1EBCD7D}.Release|Any CPU.ActiveCfg = Release|Any CPU
		{462BAB9E-E4B0-4E7C-B989-4FC5F1EBCD7D}.Release|Any CPU.Build.0 = Release|Any CPU
		{3D7B332F-9EF1-421A-B2D8-083C14DF7E98}.Debug|Any CPU.ActiveCfg = Debug|Any CPU
		{3D7B332F-9EF1-421A-B2D8-083C14DF7E98}.Debug|Any CPU.Build.0 = Debug|Any CPU
		{3D7B332F-9EF1-421A-B2D8-083C14DF7E98}.Release|Any CPU.ActiveCfg = Release|Any CPU
		{3D7B332F-9EF1-421A-B2D8-083C14DF7E98}.Release|Any CPU.Build.0 = Release|Any CPU
		{B9A0A62C-F48D-422C-A8B9-DE037F578E59}.Debug|Any CPU.ActiveCfg = Debug|Any CPU
		{B9A0A62C-F48D-422C-A8B9-DE037F578E59}.Debug|Any CPU.Build.0 = Debug|Any CPU
		{B9A0A62C-F48D-422C-A8B9-DE037F578E59}.Release|Any CPU.ActiveCfg = Release|Any CPU
		{B9A0A62C-F48D-422C-A8B9-DE037F578E59}.Release|Any CPU.Build.0 = Release|Any CPU
		{5CD9F16E-A682-4839-A442-F9D34148CAF4}.Debug|Any CPU.ActiveCfg = Debug|Any CPU
		{5CD9F16E-A682-4839-A442-F9D34148CAF4}.Debug|Any CPU.Build.0 = Debug|Any CPU
		{5CD9F16E-A682-4839-A442-F9D34148CAF4}.Release|Any CPU.ActiveCfg = Release|Any CPU
		{5CD9F16E-A682-4839-A442-F9D34148CAF4}.Release|Any CPU.Build.0 = Release|Any CPU
		{374BC373-8BDC-4755-8347-283888C46F38}.Debug|Any CPU.ActiveCfg = Debug|Any CPU
		{374BC373-8BDC-4755-8347-283888C46F38}.Debug|Any CPU.Build.0 = Debug|Any CPU
		{374BC373-8BDC-4755-8347-283888C46F38}.Release|Any CPU.ActiveCfg = Release|Any CPU
		{374BC373-8BDC-4755-8347-283888C46F38}.Release|Any CPU.Build.0 = Release|Any CPU
	EndGlobalSection
	GlobalSection(SolutionProperties) = preSolution
		HideSolutionNode = FALSE
	EndGlobalSection
	GlobalSection(NestedProjects) = preSolution
		{509383E8-C2A1-46E5-9EE5-DF78DBEEC054} = {3C29B563-8E13-497B-B03B-70DF4F438F5F}
		{3C6D320F-533F-41D2-A10A-3CA8CD3F86D1} = {3C29B563-8E13-497B-B03B-70DF4F438F5F}
		{EA4C39DF-7371-4755-8C9D-8ADC9CF9F568} = {3C29B563-8E13-497B-B03B-70DF4F438F5F}
		{BA42E34B-A493-49CE-BC14-C51475E64730} = {3C29B563-8E13-497B-B03B-70DF4F438F5F}
		{6D1383F0-157C-44F8-9E32-EB6DA91AB95C} = {1C3EC19D-2C66-4370-A6A1-2E8484102204}
		{C35E934F-6A0A-46FB-A77B-42BB68D44AAD} = {1C3EC19D-2C66-4370-A6A1-2E8484102204}
		{1791C90A-EC07-4463-8E14-35BBB7D90916} = {1C3EC19D-2C66-4370-A6A1-2E8484102204}
		{2FF46F15-F8ED-43AB-B32E-9539C8F02DBC} = {1C3EC19D-2C66-4370-A6A1-2E8484102204}
		{DD9526E5-6712-43FE-BAA7-26D23F17732C} = {1C3EC19D-2C66-4370-A6A1-2E8484102204}
		{B05687A9-DF60-40BA-8A08-4914AF2823B5} = {4196093D-BC1E-41DA-8D48-F8AF45B78446}
		{9D8BCE2D-9CA0-4715-9FF3-D7912CBBCCE2} = {4196093D-BC1E-41DA-8D48-F8AF45B78446}
		{84CFD9F9-BEED-43C2-A3B8-CC67A503D02E} = {4196093D-BC1E-41DA-8D48-F8AF45B78446}
		{221E21DD-4569-4417-BAC0-B7776154B2AA} = {4196093D-BC1E-41DA-8D48-F8AF45B78446}
		{3D7B332F-9EF1-421A-B2D8-083C14DF7E98} = {4196093D-BC1E-41DA-8D48-F8AF45B78446}
		{5CD9F16E-A682-4839-A442-F9D34148CAF4} = {4196093D-BC1E-41DA-8D48-F8AF45B78446}
	EndGlobalSection
	GlobalSection(ExtensibilityGlobals) = postSolution
		SolutionGuid = {F231D618-86A6-433B-A63E-1410F0DABDAE}
	EndGlobalSection
EndGlobal
